
Microsoft Visual Studio Solution File, Format Version 12.00
Project("{FAE04EC0-301F-11D3-BF4B-00C04F79EFBC}") = "ConsoleApp1", "ConsoleApp1\ConsoleApp1.csproj", "{AEC5296F-7961-44CD-A254-D7DD6EFA71E6}"
EndProject
Global
	GlobalSection(SolutionConfigurationPlatforms) = preSolution
		Debug|Any CPU = Debug|Any CPU
		Release|Any CPU = Release|Any CPU
	EndGlobalSection
	GlobalSection(ProjectConfigurationPlatforms) = postSolution
		{AEC5296F-7961-44CD-A254-D7DD6EFA71E6}.Debug|Any CPU.ActiveCfg = Debug|Any CPU
		{AEC5296F-7961-44CD-A254-D7DD6EFA71E6}.Debug|Any CPU.Build.0 = Debug|Any CPU
		{AEC5296F-7961-44CD-A254-D7DD6EFA71E6}.Release|Any CPU.ActiveCfg = Release|Any CPU
		{AEC5296F-7961-44CD-A254-D7DD6EFA71E6}.Release|Any CPU.Build.0 = Release|Any CPU
	EndGlobalSection
EndGlobal
